
Microsoft Visual Studio Solution File, Format Version 12.00
# Visual Studio 2013
VisualStudioVersion = 12.0.40629.0
MinimumVisualStudioVersion = 10.0.40219.1
Project("{FAE04EC0-301F-11D3-BF4B-00C04F79EFBC}") = "01.Problem", "01.Problem\01.Problem.csproj", "{7A765390-FA87-4781-A490-CCF4602E1AD3}"
EndProject
Project("{FAE04EC0-301F-11D3-BF4B-00C04F79EFBC}") = "02.Problem", "02.Problem\02.Problem.csproj", "{0518FF1B-D6B9-4045-A6D4-68E1BC6E643D}"
EndProject
Project("{FAE04EC0-301F-11D3-BF4B-00C04F79EFBC}") = "03.Problem", "03.Problem\03.Problem.csproj", "{637E4F55-6372-4FF3-89A0-3560BCD15439}"
EndProject
Global
	GlobalSection(SolutionConfigurationPlatforms) = preSolution
		Debug|Any CPU = Debug|Any CPU
		Release|Any CPU = Release|Any CPU
	EndGlobalSection
	GlobalSection(ProjectConfigurationPlatforms) = postSolution
		{7A765390-FA87-4781-A490-CCF4602E1AD3}.Debug|Any CPU.ActiveCfg = Debug|Any CPU
		{7A765390-FA87-4781-A490-CCF4602E1AD3}.Debug|Any CPU.Build.0 = Debug|Any CPU
		{7A765390-FA87-4781-A490-CCF4602E1AD3}.Release|Any CPU.ActiveCfg = Release|Any CPU
		{7A765390-FA87-4781-A490-CCF4602E1AD3}.Release|Any CPU.Build.0 = Release|Any CPU
		{0518FF1B-D6B9-4045-A6D4-68E1BC6E643D}.Debug|Any CPU.ActiveCfg = Debug|Any CPU
		{0518FF1B-D6B9-4045-A6D4-68E1BC6E643D}.Debug|Any CPU.Build.0 = Debug|Any CPU
		{0518FF1B-D6B9-4045-A6D4-68E1BC6E643D}.Release|Any CPU.ActiveCfg = Release|Any CPU
		{0518FF1B-D6B9-4045-A6D4-68E1BC6E643D}.Release|Any CPU.Build.0 = Release|Any CPU
		{637E4F55-6372-4FF3-89A0-3560BCD15439}.Debug|Any CPU.ActiveCfg = Debug|Any CPU
		{637E4F55-6372-4FF3-89A0-3560BCD15439}.Debug|Any CPU.Build.0 = Debug|Any CPU
		{637E4F55-6372-4FF3-89A0-3560BCD15439}.Release|Any CPU.ActiveCfg = Release|Any CPU
		{637E4F55-6372-4FF3-89A0-3560BCD15439}.Release|Any CPU.Build.0 = Release|Any CPU
	EndGlobalSection
	GlobalSection(SolutionProperties) = preSolution
		HideSolutionNode = FALSE
	EndGlobalSection
EndGlobal
