
Microsoft Visual Studio Solution File, Format Version 12.00
# Visual Studio 2013
VisualStudioVersion = 12.0.31101.0
MinimumVisualStudioVersion = 10.0.40219.1
Project("{FAE04EC0-301F-11D3-BF4B-00C04F79EFBC}") = "Project 1", "Project 1\Project 1.csproj", "{548CBA2D-02D4-40AF-9BB4-29E1AE90D68A}"
EndProject
Global
	GlobalSection(SolutionConfigurationPlatforms) = preSolution
		Debug|Any CPU = Debug|Any CPU
		Release|Any CPU = Release|Any CPU
	EndGlobalSection
	GlobalSection(ProjectConfigurationPlatforms) = postSolution
		{548CBA2D-02D4-40AF-9BB4-29E1AE90D68A}.Debug|Any CPU.ActiveCfg = Debug|Any CPU
		{548CBA2D-02D4-40AF-9BB4-29E1AE90D68A}.Debug|Any CPU.Build.0 = Debug|Any CPU
		{548CBA2D-02D4-40AF-9BB4-29E1AE90D68A}.Release|Any CPU.ActiveCfg = Release|Any CPU
		{548CBA2D-02D4-40AF-9BB4-29E1AE90D68A}.Release|Any CPU.Build.0 = Release|Any CPU
	EndGlobalSection
	GlobalSection(SolutionProperties) = preSolution
		HideSolutionNode = FALSE
	EndGlobalSection
EndGlobal
