
Microsoft Visual Studio Solution File, Format Version 12.00
# Visual Studio 2013
VisualStudioVersion = 12.0.40629.0
MinimumVisualStudioVersion = 10.0.40219.1
Project("{FAE04EC0-301F-11D3-BF4B-00C04F79EFBC}") = "01.Problem", "01.Problem\01.Problem.csproj", "{F8A91126-EB7F-463D-996F-1B3B4F0E4F97}"
EndProject
Project("{FAE04EC0-301F-11D3-BF4B-00C04F79EFBC}") = "02.Problem", "02.Problem\02.Problem.csproj", "{915408A4-91B6-4F7A-A38F-B5E29966CD29}"
EndProject
Project("{FAE04EC0-301F-11D3-BF4B-00C04F79EFBC}") = "03.Problem", "03.Problem\03.Problem.csproj", "{EEB79B17-8B4C-41A4-9022-AC1E108240CB}"
EndProject
Global
	GlobalSection(SolutionConfigurationPlatforms) = preSolution
		Debug|Any CPU = Debug|Any CPU
		Release|Any CPU = Release|Any CPU
	EndGlobalSection
	GlobalSection(ProjectConfigurationPlatforms) = postSolution
		{F8A91126-EB7F-463D-996F-1B3B4F0E4F97}.Debug|Any CPU.ActiveCfg = Debug|Any CPU
		{F8A91126-EB7F-463D-996F-1B3B4F0E4F97}.Debug|Any CPU.Build.0 = Debug|Any CPU
		{F8A91126-EB7F-463D-996F-1B3B4F0E4F97}.Release|Any CPU.ActiveCfg = Release|Any CPU
		{F8A91126-EB7F-463D-996F-1B3B4F0E4F97}.Release|Any CPU.Build.0 = Release|Any CPU
		{915408A4-91B6-4F7A-A38F-B5E29966CD29}.Debug|Any CPU.ActiveCfg = Debug|Any CPU
		{915408A4-91B6-4F7A-A38F-B5E29966CD29}.Debug|Any CPU.Build.0 = Debug|Any CPU
		{915408A4-91B6-4F7A-A38F-B5E29966CD29}.Release|Any CPU.ActiveCfg = Release|Any CPU
		{915408A4-91B6-4F7A-A38F-B5E29966CD29}.Release|Any CPU.Build.0 = Release|Any CPU
		{EEB79B17-8B4C-41A4-9022-AC1E108240CB}.Debug|Any CPU.ActiveCfg = Debug|Any CPU
		{EEB79B17-8B4C-41A4-9022-AC1E108240CB}.Debug|Any CPU.Build.0 = Debug|Any CPU
		{EEB79B17-8B4C-41A4-9022-AC1E108240CB}.Release|Any CPU.ActiveCfg = Release|Any CPU
		{EEB79B17-8B4C-41A4-9022-AC1E108240CB}.Release|Any CPU.Build.0 = Release|Any CPU
	EndGlobalSection
	GlobalSection(SolutionProperties) = preSolution
		HideSolutionNode = FALSE
	EndGlobalSection
EndGlobal
