
Microsoft Visual Studio Solution File, Format Version 12.00
# Visual Studio 14
VisualStudioVersion = 14.0.25123.0
MinimumVisualStudioVersion = 10.0.40219.1
Project("{FAE04EC0-301F-11D3-BF4B-00C04F79EFBC}") = "01.PracticeIntegerNumbers", "01.PracticeIntegerNumbers\01.PracticeIntegerNumbers.csproj", "{93E71C83-64A3-4EF5-BA84-BD288C42D686}"
EndProject
Project("{FAE04EC0-301F-11D3-BF4B-00C04F79EFBC}") = "02.PracticeFloatingPointNumbers", "02.PracticeFloatingPointNumbers\02.PracticeFloatingPointNumbers.csproj", "{FC35350C-5065-4512-B5DF-E1D35D3D22DC}"
EndProject
Project("{FAE04EC0-301F-11D3-BF4B-00C04F79EFBC}") = "03.PracticeCharactersAndStrings", "0.3PracticeCharactersAndStrings\03.PracticeCharactersAndStrings.csproj", "{4B59BA76-461B-4ED5-B498-C631DFB53BDA}"
EndProject
Project("{FAE04EC0-301F-11D3-BF4B-00C04F79EFBC}") = "04.VariableInHexadecimalFormat", "04.VariableInHexadecimalFormat\04.VariableInHexadecimalFormat.csproj", "{9D663B9F-3C41-4D97-B8FD-6B41FE8EE757}"
EndProject
Project("{FAE04EC0-301F-11D3-BF4B-00C04F79EFBC}") = "05.BooleanVariable", "05.BooleanVariable\05.BooleanVariable.csproj", "{F5629516-1459-4A8D-B0E8-EFC885554C66}"
EndProject
Project("{FAE04EC0-301F-11D3-BF4B-00C04F79EFBC}") = "06.StringsAndObjects", "06.StringsAndObjects\06.StringsAndObjects.csproj", "{0463CC68-1DFE-4F55-B501-5653F9F7B88C}"
EndProject
Project("{FAE04EC0-301F-11D3-BF4B-00C04F79EFBC}") = "07.ExchangeVariableValues", "07.ExchangeVariableValues\07.ExchangeVariableValues.csproj", "{0C78B396-A14B-4A6A-B15A-413409C2715C}"
EndProject
Project("{FAE04EC0-301F-11D3-BF4B-00C04F79EFBC}") = "08.EmployeeData", "08.EmployeeData\08.EmployeeData.csproj", "{322FBAE4-29DC-40C8-8D44-E20A3DE8113B}"
EndProject
Project("{FAE04EC0-301F-11D3-BF4B-00C04F79EFBC}") = "09.Reversedchars", "09.Reversedchars\09.Reversedchars.csproj", "{B795ED23-4DDD-4066-B12F-A5B9BB900EB2}"
EndProject
Project("{FAE04EC0-301F-11D3-BF4B-00C04F79EFBC}") = "10.CenturiesToNanoseconds", "10.CenturiesToNanoseconds\10.CenturiesToNanoseconds.csproj", "{ABAB8AA9-510C-4A5A-BD8D-4651D7A43E3A}"
EndProject
Project("{FAE04EC0-301F-11D3-BF4B-00C04F79EFBC}") = "11.ConvertSpeedUnits", "11.ConvertSpeedUnits\11.ConvertSpeedUnits.csproj", "{01A32200-410B-4508-8DC6-43E7CDC8C637}"
EndProject
Project("{FAE04EC0-301F-11D3-BF4B-00C04F79EFBC}") = "12.RectangleProperties", "12.RectangleProperties\12.RectangleProperties.csproj", "{1DB9442B-5A18-48F0-9356-591804B8894A}"
EndProject
Project("{FAE04EC0-301F-11D3-BF4B-00C04F79EFBC}") = "13.VowelOrDigit", "13.VowelOrDigit\13.VowelOrDigit.csproj", "{621ED971-0DAE-45D7-AB6D-67C478006E58}"
EndProject
Project("{FAE04EC0-301F-11D3-BF4B-00C04F79EFBC}") = "14.IntegerToHexAndBinary", "14.IntegerToHexAndBinary\14.IntegerToHexAndBinary.csproj", "{16B29F3C-983B-46C2-8DDA-F0E61F1042A9}"
EndProject
Project("{FAE04EC0-301F-11D3-BF4B-00C04F79EFBC}") = "15.ComparingFloats", "15.ComparingFloats\15.ComparingFloats.csproj", "{7E70B4C7-AFEE-4916-9E93-98DC31C4C267}"
EndProject
Project("{FAE04EC0-301F-11D3-BF4B-00C04F79EFBC}") = "16.PrintPartOfASCIITable", "16.PrintPartOfASCIITable\16.PrintPartOfASCIITable.csproj", "{C982E85C-52D2-440F-8D7E-DE904CD40B37}"
EndProject
Project("{FAE04EC0-301F-11D3-BF4B-00C04F79EFBC}") = "17.DifferentIntegersSize", "17.DifferentIntegersSize\17.DifferentIntegersSize.csproj", "{828374C5-E452-43E2-ACE6-F1345824527F}"
EndProject
Project("{FAE04EC0-301F-11D3-BF4B-00C04F79EFBC}") = "18.HelloName!", "18.HelloName!\18.HelloName!.csproj", "{1C9E2DD7-B01E-4863-92CA-02E41DE96FF1}"
EndProject
Project("{FAE04EC0-301F-11D3-BF4B-00C04F79EFBC}") = "19.MaxMethod", "19.MaxMethod\19.MaxMethod.csproj", "{571D7802-A34F-4721-8544-D954C1F2DC44}"
EndProject
Project("{FAE04EC0-301F-11D3-BF4B-00C04F79EFBC}") = "20. EnglishNameOfTheLastDigit", "ConsoleApplication1\20. EnglishNameOfTheLastDigit.csproj", "{C4397D84-7A46-4216-A0DD-0B10AEDC5582}"
EndProject
Project("{FAE04EC0-301F-11D3-BF4B-00C04F79EFBC}") = "21.NumbersInReversedOrder", "21.NumbersInReversedOrder\21.NumbersInReversedOrder.csproj", "{34AC3174-6090-4AF9-858F-C6DDEB1B41DA}"
EndProject
Project("{FAE04EC0-301F-11D3-BF4B-00C04F79EFBC}") = "22.FibonacciNumbers", "22.FibonacciNumbers\22.FibonacciNumbers.csproj", "{EDFCDDD1-5DC3-496C-998B-0D4C873D889B}"
EndProject
Project("{FAE04EC0-301F-11D3-BF4B-00C04F79EFBC}") = "23.PrimeChecker", "23.PrimeChecker\23.PrimeChecker.csproj", "{46B6C553-FDCE-496F-AE15-48C431B3C0C6}"
EndProject
Project("{FAE04EC0-301F-11D3-BF4B-00C04F79EFBC}") = "24.PrimesInGivenRange", "24.PrimesInGivenRange\24.PrimesInGivenRange.csproj", "{25EA2D77-FC46-4441-AF5A-6A1FCF10FE88}"
EndProject
Project("{FAE04EC0-301F-11D3-BF4B-00C04F79EFBC}") = "25.MasterNumbers", "25.MasterNumbers\25.MasterNumbers.csproj", "{3973CDA1-1E5B-4EE2-9F01-5E53C76821C0}"
EndProject
Project("{FAE04EC0-301F-11D3-BF4B-00C04F79EFBC}") = "26.Factorial", "26.Factorial\26.Factorial.csproj", "{7E8E68F7-9F07-4F38-8B34-ECE94AB401A6}"
EndProject
Global
	GlobalSection(SolutionConfigurationPlatforms) = preSolution
		Debug|Any CPU = Debug|Any CPU
		Release|Any CPU = Release|Any CPU
	EndGlobalSection
	GlobalSection(ProjectConfigurationPlatforms) = postSolution
		{93E71C83-64A3-4EF5-BA84-BD288C42D686}.Debug|Any CPU.ActiveCfg = Debug|Any CPU
		{93E71C83-64A3-4EF5-BA84-BD288C42D686}.Debug|Any CPU.Build.0 = Debug|Any CPU
		{93E71C83-64A3-4EF5-BA84-BD288C42D686}.Release|Any CPU.ActiveCfg = Release|Any CPU
		{93E71C83-64A3-4EF5-BA84-BD288C42D686}.Release|Any CPU.Build.0 = Release|Any CPU
		{FC35350C-5065-4512-B5DF-E1D35D3D22DC}.Debug|Any CPU.ActiveCfg = Debug|Any CPU
		{FC35350C-5065-4512-B5DF-E1D35D3D22DC}.Debug|Any CPU.Build.0 = Debug|Any CPU
		{FC35350C-5065-4512-B5DF-E1D35D3D22DC}.Release|Any CPU.ActiveCfg = Release|Any CPU
		{FC35350C-5065-4512-B5DF-E1D35D3D22DC}.Release|Any CPU.Build.0 = Release|Any CPU
		{4B59BA76-461B-4ED5-B498-C631DFB53BDA}.Debug|Any CPU.ActiveCfg = Debug|Any CPU
		{4B59BA76-461B-4ED5-B498-C631DFB53BDA}.Debug|Any CPU.Build.0 = Debug|Any CPU
		{4B59BA76-461B-4ED5-B498-C631DFB53BDA}.Release|Any CPU.ActiveCfg = Release|Any CPU
		{4B59BA76-461B-4ED5-B498-C631DFB53BDA}.Release|Any CPU.Build.0 = Release|Any CPU
		{9D663B9F-3C41-4D97-B8FD-6B41FE8EE757}.Debug|Any CPU.ActiveCfg = Debug|Any CPU
		{9D663B9F-3C41-4D97-B8FD-6B41FE8EE757}.Debug|Any CPU.Build.0 = Debug|Any CPU
		{9D663B9F-3C41-4D97-B8FD-6B41FE8EE757}.Release|Any CPU.ActiveCfg = Release|Any CPU
		{9D663B9F-3C41-4D97-B8FD-6B41FE8EE757}.Release|Any CPU.Build.0 = Release|Any CPU
		{F5629516-1459-4A8D-B0E8-EFC885554C66}.Debug|Any CPU.ActiveCfg = Debug|Any CPU
		{F5629516-1459-4A8D-B0E8-EFC885554C66}.Debug|Any CPU.Build.0 = Debug|Any CPU
		{F5629516-1459-4A8D-B0E8-EFC885554C66}.Release|Any CPU.ActiveCfg = Release|Any CPU
		{F5629516-1459-4A8D-B0E8-EFC885554C66}.Release|Any CPU.Build.0 = Release|Any CPU
		{0463CC68-1DFE-4F55-B501-5653F9F7B88C}.Debug|Any CPU.ActiveCfg = Debug|Any CPU
		{0463CC68-1DFE-4F55-B501-5653F9F7B88C}.Debug|Any CPU.Build.0 = Debug|Any CPU
		{0463CC68-1DFE-4F55-B501-5653F9F7B88C}.Release|Any CPU.ActiveCfg = Release|Any CPU
		{0463CC68-1DFE-4F55-B501-5653F9F7B88C}.Release|Any CPU.Build.0 = Release|Any CPU
		{0C78B396-A14B-4A6A-B15A-413409C2715C}.Debug|Any CPU.ActiveCfg = Debug|Any CPU
		{0C78B396-A14B-4A6A-B15A-413409C2715C}.Debug|Any CPU.Build.0 = Debug|Any CPU
		{0C78B396-A14B-4A6A-B15A-413409C2715C}.Release|Any CPU.ActiveCfg = Release|Any CPU
		{0C78B396-A14B-4A6A-B15A-413409C2715C}.Release|Any CPU.Build.0 = Release|Any CPU
		{322FBAE4-29DC-40C8-8D44-E20A3DE8113B}.Debug|Any CPU.ActiveCfg = Debug|Any CPU
		{322FBAE4-29DC-40C8-8D44-E20A3DE8113B}.Debug|Any CPU.Build.0 = Debug|Any CPU
		{322FBAE4-29DC-40C8-8D44-E20A3DE8113B}.Release|Any CPU.ActiveCfg = Release|Any CPU
		{322FBAE4-29DC-40C8-8D44-E20A3DE8113B}.Release|Any CPU.Build.0 = Release|Any CPU
		{B795ED23-4DDD-4066-B12F-A5B9BB900EB2}.Debug|Any CPU.ActiveCfg = Debug|Any CPU
		{B795ED23-4DDD-4066-B12F-A5B9BB900EB2}.Debug|Any CPU.Build.0 = Debug|Any CPU
		{B795ED23-4DDD-4066-B12F-A5B9BB900EB2}.Release|Any CPU.ActiveCfg = Release|Any CPU
		{B795ED23-4DDD-4066-B12F-A5B9BB900EB2}.Release|Any CPU.Build.0 = Release|Any CPU
		{ABAB8AA9-510C-4A5A-BD8D-4651D7A43E3A}.Debug|Any CPU.ActiveCfg = Debug|Any CPU
		{ABAB8AA9-510C-4A5A-BD8D-4651D7A43E3A}.Debug|Any CPU.Build.0 = Debug|Any CPU
		{ABAB8AA9-510C-4A5A-BD8D-4651D7A43E3A}.Release|Any CPU.ActiveCfg = Release|Any CPU
		{ABAB8AA9-510C-4A5A-BD8D-4651D7A43E3A}.Release|Any CPU.Build.0 = Release|Any CPU
		{01A32200-410B-4508-8DC6-43E7CDC8C637}.Debug|Any CPU.ActiveCfg = Debug|Any CPU
		{01A32200-410B-4508-8DC6-43E7CDC8C637}.Debug|Any CPU.Build.0 = Debug|Any CPU
		{01A32200-410B-4508-8DC6-43E7CDC8C637}.Release|Any CPU.ActiveCfg = Release|Any CPU
		{01A32200-410B-4508-8DC6-43E7CDC8C637}.Release|Any CPU.Build.0 = Release|Any CPU
		{1DB9442B-5A18-48F0-9356-591804B8894A}.Debug|Any CPU.ActiveCfg = Debug|Any CPU
		{1DB9442B-5A18-48F0-9356-591804B8894A}.Debug|Any CPU.Build.0 = Debug|Any CPU
		{1DB9442B-5A18-48F0-9356-591804B8894A}.Release|Any CPU.ActiveCfg = Release|Any CPU
		{1DB9442B-5A18-48F0-9356-591804B8894A}.Release|Any CPU.Build.0 = Release|Any CPU
		{621ED971-0DAE-45D7-AB6D-67C478006E58}.Debug|Any CPU.ActiveCfg = Debug|Any CPU
		{621ED971-0DAE-45D7-AB6D-67C478006E58}.Debug|Any CPU.Build.0 = Debug|Any CPU
		{621ED971-0DAE-45D7-AB6D-67C478006E58}.Release|Any CPU.ActiveCfg = Release|Any CPU
		{621ED971-0DAE-45D7-AB6D-67C478006E58}.Release|Any CPU.Build.0 = Release|Any CPU
		{16B29F3C-983B-46C2-8DDA-F0E61F1042A9}.Debug|Any CPU.ActiveCfg = Debug|Any CPU
		{16B29F3C-983B-46C2-8DDA-F0E61F1042A9}.Debug|Any CPU.Build.0 = Debug|Any CPU
		{16B29F3C-983B-46C2-8DDA-F0E61F1042A9}.Release|Any CPU.ActiveCfg = Release|Any CPU
		{16B29F3C-983B-46C2-8DDA-F0E61F1042A9}.Release|Any CPU.Build.0 = Release|Any CPU
		{7E70B4C7-AFEE-4916-9E93-98DC31C4C267}.Debug|Any CPU.ActiveCfg = Debug|Any CPU
		{7E70B4C7-AFEE-4916-9E93-98DC31C4C267}.Debug|Any CPU.Build.0 = Debug|Any CPU
		{7E70B4C7-AFEE-4916-9E93-98DC31C4C267}.Release|Any CPU.ActiveCfg = Release|Any CPU
		{7E70B4C7-AFEE-4916-9E93-98DC31C4C267}.Release|Any CPU.Build.0 = Release|Any CPU
		{C982E85C-52D2-440F-8D7E-DE904CD40B37}.Debug|Any CPU.ActiveCfg = Debug|Any CPU
		{C982E85C-52D2-440F-8D7E-DE904CD40B37}.Debug|Any CPU.Build.0 = Debug|Any CPU
		{C982E85C-52D2-440F-8D7E-DE904CD40B37}.Release|Any CPU.ActiveCfg = Release|Any CPU
		{C982E85C-52D2-440F-8D7E-DE904CD40B37}.Release|Any CPU.Build.0 = Release|Any CPU
		{828374C5-E452-43E2-ACE6-F1345824527F}.Debug|Any CPU.ActiveCfg = Debug|Any CPU
		{828374C5-E452-43E2-ACE6-F1345824527F}.Debug|Any CPU.Build.0 = Debug|Any CPU
		{828374C5-E452-43E2-ACE6-F1345824527F}.Release|Any CPU.ActiveCfg = Release|Any CPU
		{828374C5-E452-43E2-ACE6-F1345824527F}.Release|Any CPU.Build.0 = Release|Any CPU
		{1C9E2DD7-B01E-4863-92CA-02E41DE96FF1}.Debug|Any CPU.ActiveCfg = Debug|Any CPU
		{1C9E2DD7-B01E-4863-92CA-02E41DE96FF1}.Debug|Any CPU.Build.0 = Debug|Any CPU
		{1C9E2DD7-B01E-4863-92CA-02E41DE96FF1}.Release|Any CPU.ActiveCfg = Release|Any CPU
		{1C9E2DD7-B01E-4863-92CA-02E41DE96FF1}.Release|Any CPU.Build.0 = Release|Any CPU
		{571D7802-A34F-4721-8544-D954C1F2DC44}.Debug|Any CPU.ActiveCfg = Debug|Any CPU
		{571D7802-A34F-4721-8544-D954C1F2DC44}.Debug|Any CPU.Build.0 = Debug|Any CPU
		{571D7802-A34F-4721-8544-D954C1F2DC44}.Release|Any CPU.ActiveCfg = Release|Any CPU
		{571D7802-A34F-4721-8544-D954C1F2DC44}.Release|Any CPU.Build.0 = Release|Any CPU
		{C4397D84-7A46-4216-A0DD-0B10AEDC5582}.Debug|Any CPU.ActiveCfg = Debug|Any CPU
		{C4397D84-7A46-4216-A0DD-0B10AEDC5582}.Debug|Any CPU.Build.0 = Debug|Any CPU
		{C4397D84-7A46-4216-A0DD-0B10AEDC5582}.Release|Any CPU.ActiveCfg = Release|Any CPU
		{C4397D84-7A46-4216-A0DD-0B10AEDC5582}.Release|Any CPU.Build.0 = Release|Any CPU
		{34AC3174-6090-4AF9-858F-C6DDEB1B41DA}.Debug|Any CPU.ActiveCfg = Debug|Any CPU
		{34AC3174-6090-4AF9-858F-C6DDEB1B41DA}.Debug|Any CPU.Build.0 = Debug|Any CPU
		{34AC3174-6090-4AF9-858F-C6DDEB1B41DA}.Release|Any CPU.ActiveCfg = Release|Any CPU
		{34AC3174-6090-4AF9-858F-C6DDEB1B41DA}.Release|Any CPU.Build.0 = Release|Any CPU
		{EDFCDDD1-5DC3-496C-998B-0D4C873D889B}.Debug|Any CPU.ActiveCfg = Debug|Any CPU
		{EDFCDDD1-5DC3-496C-998B-0D4C873D889B}.Debug|Any CPU.Build.0 = Debug|Any CPU
		{EDFCDDD1-5DC3-496C-998B-0D4C873D889B}.Release|Any CPU.ActiveCfg = Release|Any CPU
		{EDFCDDD1-5DC3-496C-998B-0D4C873D889B}.Release|Any CPU.Build.0 = Release|Any CPU
		{46B6C553-FDCE-496F-AE15-48C431B3C0C6}.Debug|Any CPU.ActiveCfg = Debug|Any CPU
		{46B6C553-FDCE-496F-AE15-48C431B3C0C6}.Debug|Any CPU.Build.0 = Debug|Any CPU
		{46B6C553-FDCE-496F-AE15-48C431B3C0C6}.Release|Any CPU.ActiveCfg = Release|Any CPU
		{46B6C553-FDCE-496F-AE15-48C431B3C0C6}.Release|Any CPU.Build.0 = Release|Any CPU
		{25EA2D77-FC46-4441-AF5A-6A1FCF10FE88}.Debug|Any CPU.ActiveCfg = Debug|Any CPU
		{25EA2D77-FC46-4441-AF5A-6A1FCF10FE88}.Debug|Any CPU.Build.0 = Debug|Any CPU
		{25EA2D77-FC46-4441-AF5A-6A1FCF10FE88}.Release|Any CPU.ActiveCfg = Release|Any CPU
		{25EA2D77-FC46-4441-AF5A-6A1FCF10FE88}.Release|Any CPU.Build.0 = Release|Any CPU
		{3973CDA1-1E5B-4EE2-9F01-5E53C76821C0}.Debug|Any CPU.ActiveCfg = Debug|Any CPU
		{3973CDA1-1E5B-4EE2-9F01-5E53C76821C0}.Debug|Any CPU.Build.0 = Debug|Any CPU
		{3973CDA1-1E5B-4EE2-9F01-5E53C76821C0}.Release|Any CPU.ActiveCfg = Release|Any CPU
		{3973CDA1-1E5B-4EE2-9F01-5E53C76821C0}.Release|Any CPU.Build.0 = Release|Any CPU
		{7E8E68F7-9F07-4F38-8B34-ECE94AB401A6}.Debug|Any CPU.ActiveCfg = Debug|Any CPU
		{7E8E68F7-9F07-4F38-8B34-ECE94AB401A6}.Debug|Any CPU.Build.0 = Debug|Any CPU
		{7E8E68F7-9F07-4F38-8B34-ECE94AB401A6}.Release|Any CPU.ActiveCfg = Release|Any CPU
		{7E8E68F7-9F07-4F38-8B34-ECE94AB401A6}.Release|Any CPU.Build.0 = Release|Any CPU
	EndGlobalSection
	GlobalSection(SolutionProperties) = preSolution
		HideSolutionNode = FALSE
	EndGlobalSection
EndGlobal
