
Microsoft Visual Studio Solution File, Format Version 12.00
# Visual Studio 14
VisualStudioVersion = 14.0.25123.0
MinimumVisualStudioVersion = 10.0.40219.1
Project("{FAE04EC0-301F-11D3-BF4B-00C04F79EFBC}") = "01.DayOfWeek", "01.DayOfWeek\01.DayOfWeek.csproj", "{E937F1AD-B3CB-4F4F-8FF0-0FD9D7BAA9D8}"
EndProject
Project("{FAE04EC0-301F-11D3-BF4B-00C04F79EFBC}") = "02.RandomizeWords", "02.RandomizeWords\02.RandomizeWords.csproj", "{23792BBC-FC86-4551-9352-5C33D1A62BF8}"
EndProject
Global
	GlobalSection(SolutionConfigurationPlatforms) = preSolution
		Debug|Any CPU = Debug|Any CPU
		Release|Any CPU = Release|Any CPU
	EndGlobalSection
	GlobalSection(ProjectConfigurationPlatforms) = postSolution
		{E937F1AD-B3CB-4F4F-8FF0-0FD9D7BAA9D8}.Debug|Any CPU.ActiveCfg = Debug|Any CPU
		{E937F1AD-B3CB-4F4F-8FF0-0FD9D7BAA9D8}.Debug|Any CPU.Build.0 = Debug|Any CPU
		{E937F1AD-B3CB-4F4F-8FF0-0FD9D7BAA9D8}.Release|Any CPU.ActiveCfg = Release|Any CPU
		{E937F1AD-B3CB-4F4F-8FF0-0FD9D7BAA9D8}.Release|Any CPU.Build.0 = Release|Any CPU
		{23792BBC-FC86-4551-9352-5C33D1A62BF8}.Debug|Any CPU.ActiveCfg = Debug|Any CPU
		{23792BBC-FC86-4551-9352-5C33D1A62BF8}.Debug|Any CPU.Build.0 = Debug|Any CPU
		{23792BBC-FC86-4551-9352-5C33D1A62BF8}.Release|Any CPU.ActiveCfg = Release|Any CPU
		{23792BBC-FC86-4551-9352-5C33D1A62BF8}.Release|Any CPU.Build.0 = Release|Any CPU
	EndGlobalSection
	GlobalSection(SolutionProperties) = preSolution
		HideSolutionNode = FALSE
	EndGlobalSection
EndGlobal
