
Microsoft Visual Studio Solution File, Format Version 12.00
# Visual Studio 14
VisualStudioVersion = 14.0.25123.0
MinimumVisualStudioVersion = 10.0.40219.1
Project("{FAE04EC0-301F-11D3-BF4B-00C04F79EFBC}") = "01.MaxSequenceOfEqualElements", "01.MaxSequenceOfEqualElements\01.MaxSequenceOfEqualElements.csproj", "{D4321A94-B570-4860-9533-EE011A89EB70}"
EndProject
Project("{FAE04EC0-301F-11D3-BF4B-00C04F79EFBC}") = "02.MatrixOfPolindrome", "02.MatrixOfPolindrome\02.MatrixOfPolindrome.csproj", "{763E908C-B14C-4A46-8510-D016A3D680FE}"
EndProject
Project("{FAE04EC0-301F-11D3-BF4B-00C04F79EFBC}") = "03.DiagonalDifference", "03.DiagonalDifference\03.DiagonalDifference.csproj", "{35C6345F-CA6D-4640-B272-6B3B1224341D}"
EndProject
Project("{FAE04EC0-301F-11D3-BF4B-00C04F79EFBC}") = "04.2x2SquaresInMatrix", "04.2x2SquaresInMatrix\04.2x2SquaresInMatrix.csproj", "{D10FB697-9E13-47FA-A633-34C046391F27}"
EndProject
Project("{FAE04EC0-301F-11D3-BF4B-00C04F79EFBC}") = "05.MaxPlatform3x3", "05.MaxPlatform3x3\05.MaxPlatform3x3.csproj", "{4DA59E2C-D7A1-4950-AF86-2BFC185D4247}"
EndProject
Project("{FAE04EC0-301F-11D3-BF4B-00C04F79EFBC}") = "06.HourglassSum", "06.HourglassSum\06.HourglassSum.csproj", "{B8CDA75D-E2D3-4091-BD42-BD66AC14D3E2}"
EndProject
Global
	GlobalSection(SolutionConfigurationPlatforms) = preSolution
		Debug|Any CPU = Debug|Any CPU
		Release|Any CPU = Release|Any CPU
	EndGlobalSection
	GlobalSection(ProjectConfigurationPlatforms) = postSolution
		{D4321A94-B570-4860-9533-EE011A89EB70}.Debug|Any CPU.ActiveCfg = Debug|Any CPU
		{D4321A94-B570-4860-9533-EE011A89EB70}.Debug|Any CPU.Build.0 = Debug|Any CPU
		{D4321A94-B570-4860-9533-EE011A89EB70}.Release|Any CPU.ActiveCfg = Release|Any CPU
		{D4321A94-B570-4860-9533-EE011A89EB70}.Release|Any CPU.Build.0 = Release|Any CPU
		{763E908C-B14C-4A46-8510-D016A3D680FE}.Debug|Any CPU.ActiveCfg = Debug|Any CPU
		{763E908C-B14C-4A46-8510-D016A3D680FE}.Debug|Any CPU.Build.0 = Debug|Any CPU
		{763E908C-B14C-4A46-8510-D016A3D680FE}.Release|Any CPU.ActiveCfg = Release|Any CPU
		{763E908C-B14C-4A46-8510-D016A3D680FE}.Release|Any CPU.Build.0 = Release|Any CPU
		{35C6345F-CA6D-4640-B272-6B3B1224341D}.Debug|Any CPU.ActiveCfg = Debug|Any CPU
		{35C6345F-CA6D-4640-B272-6B3B1224341D}.Debug|Any CPU.Build.0 = Debug|Any CPU
		{35C6345F-CA6D-4640-B272-6B3B1224341D}.Release|Any CPU.ActiveCfg = Release|Any CPU
		{35C6345F-CA6D-4640-B272-6B3B1224341D}.Release|Any CPU.Build.0 = Release|Any CPU
		{D10FB697-9E13-47FA-A633-34C046391F27}.Debug|Any CPU.ActiveCfg = Debug|Any CPU
		{D10FB697-9E13-47FA-A633-34C046391F27}.Debug|Any CPU.Build.0 = Debug|Any CPU
		{D10FB697-9E13-47FA-A633-34C046391F27}.Release|Any CPU.ActiveCfg = Release|Any CPU
		{D10FB697-9E13-47FA-A633-34C046391F27}.Release|Any CPU.Build.0 = Release|Any CPU
		{4DA59E2C-D7A1-4950-AF86-2BFC185D4247}.Debug|Any CPU.ActiveCfg = Debug|Any CPU
		{4DA59E2C-D7A1-4950-AF86-2BFC185D4247}.Debug|Any CPU.Build.0 = Debug|Any CPU
		{4DA59E2C-D7A1-4950-AF86-2BFC185D4247}.Release|Any CPU.ActiveCfg = Release|Any CPU
		{4DA59E2C-D7A1-4950-AF86-2BFC185D4247}.Release|Any CPU.Build.0 = Release|Any CPU
		{B8CDA75D-E2D3-4091-BD42-BD66AC14D3E2}.Debug|Any CPU.ActiveCfg = Debug|Any CPU
		{B8CDA75D-E2D3-4091-BD42-BD66AC14D3E2}.Debug|Any CPU.Build.0 = Debug|Any CPU
		{B8CDA75D-E2D3-4091-BD42-BD66AC14D3E2}.Release|Any CPU.ActiveCfg = Release|Any CPU
		{B8CDA75D-E2D3-4091-BD42-BD66AC14D3E2}.Release|Any CPU.Build.0 = Release|Any CPU
	EndGlobalSection
	GlobalSection(SolutionProperties) = preSolution
		HideSolutionNode = FALSE
	EndGlobalSection
EndGlobal
